
Microsoft Visual Studio Solution File, Format Version 12.00
# Visual Studio Version 16
VisualStudioVersion = 16.0.31229.75
MinimumVisualStudioVersion = 10.0.40219.1
Project("{2150E333-8FDC-42A3-9474-1A3956D46DE8}") = "Services", "Services", "{33E1DF83-1AEC-444C-A1D1-1C33F3B820FC}"
EndProject
Project("{2150E333-8FDC-42A3-9474-1A3956D46DE8}") = "Catalog", "Catalog", "{336EEFC9-3F23-42FC-8995-6558F910F0A8}"
EndProject
Project("{9A19103F-16F7-4668-BE54-9A1E7A4F7556}") = "Catalog.Api", "Services\Catalog\Catalog.Api\Catalog.Api.csproj", "{3D2A36FF-7702-42A9-AE8E-931810AF6D01}"
EndProject
Project("{E53339B2-1760-4266-BCC7-CA923CBCF16C}") = "docker-compose", "docker-compose.dcproj", "{CAFAF8FF-98D3-4F43-AD81-3EA2187213A8}"
EndProject
Project("{2150E333-8FDC-42A3-9474-1A3956D46DE8}") = "Basket", "Basket", "{5C44E0D4-C01F-4898-91CB-15DFF97C2A1F}"
EndProject
Project("{9A19103F-16F7-4668-BE54-9A1E7A4F7556}") = "Basket.Api", "Services\Basket\Basket.Api\Basket.Api.csproj", "{4025344A-2FB3-44C0-9423-8A12348C9706}"
EndProject
Project("{2150E333-8FDC-42A3-9474-1A3956D46DE8}") = "Discount", "Discount", "{93CAD852-C673-4563-A879-049588D6BF01}"
EndProject
Project("{9A19103F-16F7-4668-BE54-9A1E7A4F7556}") = "Discount.Api", "Services\Discount\Discount.Api\Discount.Api.csproj", "{A8D8E117-3BD7-4F45-80A5-2FB14BEF2BDF}"
EndProject
Project("{9A19103F-16F7-4668-BE54-9A1E7A4F7556}") = "Discount.Grpc", "Services\Discount\Discount.Grpc\Discount.Grpc.csproj", "{470AC226-E9CE-4437-97BD-431353ADB6FD}"
EndProject
Project("{2150E333-8FDC-42A3-9474-1A3956D46DE8}") = "Ordering", "Ordering", "{B4432D40-0ECE-4581-B302-BAFC831F8B22}"
EndProject
Project("{9A19103F-16F7-4668-BE54-9A1E7A4F7556}") = "Ordering.Api", "Services\Ordering\Ordering.Api\Ordering.Api.csproj", "{8AABFC7B-7221-4B40-BDA7-0D8D214D17EB}"
EndProject
Project("{9A19103F-16F7-4668-BE54-9A1E7A4F7556}") = "Ordering.Domain", "Services\Ordering\Ordering.Domain\Ordering.Domain.csproj", "{DB6431DB-5623-4749-8285-CFB117BC20C4}"
EndProject
Project("{9A19103F-16F7-4668-BE54-9A1E7A4F7556}") = "Ordering.Application", "Services\Ordering\Ordering.Application\Ordering.Application.csproj", "{C58C26F0-98EB-4DFF-A792-36113DF191BE}"
EndProject
Project("{9A19103F-16F7-4668-BE54-9A1E7A4F7556}") = "Ordering.Infrastructure", "Services\Ordering\Ordering.Infrasctructure\Ordering.Infrastructure.csproj", "{D4EFF4EA-5C8A-46B1-9596-5AB6FB265E43}"
EndProject
Project("{2150E333-8FDC-42A3-9474-1A3956D46DE8}") = "BuildingBlocks", "BuildingBlocks", "{E14AEF75-7871-436F-A503-CEE4C9BA545E}"
EndProject
Project("{9A19103F-16F7-4668-BE54-9A1E7A4F7556}") = "EventBus.Messages", "BuildingBlocks\EventBus.Messages\EventBus.Messages.csproj", "{46A2876A-FD5E-441C-8138-404A972C61CD}"
EndProject
Project("{2150E333-8FDC-42A3-9474-1A3956D46DE8}") = "ApiGateways", "ApiGateways", "{E0ED5486-D836-4523-9DDC-A5B4571603A7}"
EndProject
Project("{9A19103F-16F7-4668-BE54-9A1E7A4F7556}") = "OcelotApiGw", "ApiGateways\OcelotApiGw\OcelotApiGw.csproj", "{9481BC23-41AD-49E4-839C-7A6D16028076}"
EndProject
Project("{9A19103F-16F7-4668-BE54-9A1E7A4F7556}") = "Shopping.Aggregator", "ApiGateways\Shopping.Aggregator\Shopping.Aggregator.csproj", "{BFC56F16-C1D8-490A-AC29-386D15284389}"
EndProject
Project("{2150E333-8FDC-42A3-9474-1A3956D46DE8}") = "WebApps", "WebApps", "{351CA580-3C02-4CF3-8F76-18FD3C4EF5FE}"
EndProject
Project("{9A19103F-16F7-4668-BE54-9A1E7A4F7556}") = "AspNetWebApp", "WebApps\AspNetWebApp\AspNetWebApp.csproj", "{9922380E-1ACE-4C26-BA13-4E7A7282930C}"
EndProject
Global
	GlobalSection(SolutionConfigurationPlatforms) = preSolution
		Debug|Any CPU = Debug|Any CPU
		Release|Any CPU = Release|Any CPU
	EndGlobalSection
	GlobalSection(ProjectConfigurationPlatforms) = postSolution
		{3D2A36FF-7702-42A9-AE8E-931810AF6D01}.Debug|Any CPU.ActiveCfg = Debug|Any CPU
		{3D2A36FF-7702-42A9-AE8E-931810AF6D01}.Debug|Any CPU.Build.0 = Debug|Any CPU
		{3D2A36FF-7702-42A9-AE8E-931810AF6D01}.Release|Any CPU.ActiveCfg = Release|Any CPU
		{3D2A36FF-7702-42A9-AE8E-931810AF6D01}.Release|Any CPU.Build.0 = Release|Any CPU
		{CAFAF8FF-98D3-4F43-AD81-3EA2187213A8}.Debug|Any CPU.ActiveCfg = Debug|Any CPU
		{CAFAF8FF-98D3-4F43-AD81-3EA2187213A8}.Debug|Any CPU.Build.0 = Debug|Any CPU
		{CAFAF8FF-98D3-4F43-AD81-3EA2187213A8}.Release|Any CPU.ActiveCfg = Release|Any CPU
		{CAFAF8FF-98D3-4F43-AD81-3EA2187213A8}.Release|Any CPU.Build.0 = Release|Any CPU
		{4025344A-2FB3-44C0-9423-8A12348C9706}.Debug|Any CPU.ActiveCfg = Debug|Any CPU
		{4025344A-2FB3-44C0-9423-8A12348C9706}.Debug|Any CPU.Build.0 = Debug|Any CPU
		{4025344A-2FB3-44C0-9423-8A12348C9706}.Release|Any CPU.ActiveCfg = Release|Any CPU
		{4025344A-2FB3-44C0-9423-8A12348C9706}.Release|Any CPU.Build.0 = Release|Any CPU
		{A8D8E117-3BD7-4F45-80A5-2FB14BEF2BDF}.Debug|Any CPU.ActiveCfg = Debug|Any CPU
		{A8D8E117-3BD7-4F45-80A5-2FB14BEF2BDF}.Debug|Any CPU.Build.0 = Debug|Any CPU
		{A8D8E117-3BD7-4F45-80A5-2FB14BEF2BDF}.Release|Any CPU.ActiveCfg = Release|Any CPU
		{A8D8E117-3BD7-4F45-80A5-2FB14BEF2BDF}.Release|Any CPU.Build.0 = Release|Any CPU
		{470AC226-E9CE-4437-97BD-431353ADB6FD}.Debug|Any CPU.ActiveCfg = Debug|Any CPU
		{470AC226-E9CE-4437-97BD-431353ADB6FD}.Debug|Any CPU.Build.0 = Debug|Any CPU
		{470AC226-E9CE-4437-97BD-431353ADB6FD}.Release|Any CPU.ActiveCfg = Release|Any CPU
		{470AC226-E9CE-4437-97BD-431353ADB6FD}.Release|Any CPU.Build.0 = Release|Any CPU
		{8AABFC7B-7221-4B40-BDA7-0D8D214D17EB}.Debug|Any CPU.ActiveCfg = Debug|Any CPU
		{8AABFC7B-7221-4B40-BDA7-0D8D214D17EB}.Debug|Any CPU.Build.0 = Debug|Any CPU
		{8AABFC7B-7221-4B40-BDA7-0D8D214D17EB}.Release|Any CPU.ActiveCfg = Release|Any CPU
		{8AABFC7B-7221-4B40-BDA7-0D8D214D17EB}.Release|Any CPU.Build.0 = Release|Any CPU
		{DB6431DB-5623-4749-8285-CFB117BC20C4}.Debug|Any CPU.ActiveCfg = Debug|Any CPU
		{DB6431DB-5623-4749-8285-CFB117BC20C4}.Debug|Any CPU.Build.0 = Debug|Any CPU
		{DB6431DB-5623-4749-8285-CFB117BC20C4}.Release|Any CPU.ActiveCfg = Release|Any CPU
		{DB6431DB-5623-4749-8285-CFB117BC20C4}.Release|Any CPU.Build.0 = Release|Any CPU
		{C58C26F0-98EB-4DFF-A792-36113DF191BE}.Debug|Any CPU.ActiveCfg = Debug|Any CPU
		{C58C26F0-98EB-4DFF-A792-36113DF191BE}.Debug|Any CPU.Build.0 = Debug|Any CPU
		{C58C26F0-98EB-4DFF-A792-36113DF191BE}.Release|Any CPU.ActiveCfg = Release|Any CPU
		{C58C26F0-98EB-4DFF-A792-36113DF191BE}.Release|Any CPU.Build.0 = Release|Any CPU
		{D4EFF4EA-5C8A-46B1-9596-5AB6FB265E43}.Debug|Any CPU.ActiveCfg = Debug|Any CPU
		{D4EFF4EA-5C8A-46B1-9596-5AB6FB265E43}.Debug|Any CPU.Build.0 = Debug|Any CPU
		{D4EFF4EA-5C8A-46B1-9596-5AB6FB265E43}.Release|Any CPU.ActiveCfg = Release|Any CPU
		{D4EFF4EA-5C8A-46B1-9596-5AB6FB265E43}.Release|Any CPU.Build.0 = Release|Any CPU
		{46A2876A-FD5E-441C-8138-404A972C61CD}.Debug|Any CPU.ActiveCfg = Debug|Any CPU
		{46A2876A-FD5E-441C-8138-404A972C61CD}.Debug|Any CPU.Build.0 = Debug|Any CPU
		{46A2876A-FD5E-441C-8138-404A972C61CD}.Release|Any CPU.ActiveCfg = Release|Any CPU
		{46A2876A-FD5E-441C-8138-404A972C61CD}.Release|Any CPU.Build.0 = Release|Any CPU
		{9481BC23-41AD-49E4-839C-7A6D16028076}.Debug|Any CPU.ActiveCfg = Debug|Any CPU
		{9481BC23-41AD-49E4-839C-7A6D16028076}.Debug|Any CPU.Build.0 = Debug|Any CPU
		{9481BC23-41AD-49E4-839C-7A6D16028076}.Release|Any CPU.ActiveCfg = Release|Any CPU
		{9481BC23-41AD-49E4-839C-7A6D16028076}.Release|Any CPU.Build.0 = Release|Any CPU
		{BFC56F16-C1D8-490A-AC29-386D15284389}.Debug|Any CPU.ActiveCfg = Debug|Any CPU
		{BFC56F16-C1D8-490A-AC29-386D15284389}.Debug|Any CPU.Build.0 = Debug|Any CPU
		{BFC56F16-C1D8-490A-AC29-386D15284389}.Release|Any CPU.ActiveCfg = Release|Any CPU
		{BFC56F16-C1D8-490A-AC29-386D15284389}.Release|Any CPU.Build.0 = Release|Any CPU
		{9922380E-1ACE-4C26-BA13-4E7A7282930C}.Debug|Any CPU.ActiveCfg = Debug|Any CPU
		{9922380E-1ACE-4C26-BA13-4E7A7282930C}.Debug|Any CPU.Build.0 = Debug|Any CPU
		{9922380E-1ACE-4C26-BA13-4E7A7282930C}.Release|Any CPU.ActiveCfg = Release|Any CPU
		{9922380E-1ACE-4C26-BA13-4E7A7282930C}.Release|Any CPU.Build.0 = Release|Any CPU
	EndGlobalSection
	GlobalSection(SolutionProperties) = preSolution
		HideSolutionNode = FALSE
	EndGlobalSection
	GlobalSection(NestedProjects) = preSolution
		{336EEFC9-3F23-42FC-8995-6558F910F0A8} = {33E1DF83-1AEC-444C-A1D1-1C33F3B820FC}
		{3D2A36FF-7702-42A9-AE8E-931810AF6D01} = {336EEFC9-3F23-42FC-8995-6558F910F0A8}
		{5C44E0D4-C01F-4898-91CB-15DFF97C2A1F} = {33E1DF83-1AEC-444C-A1D1-1C33F3B820FC}
		{4025344A-2FB3-44C0-9423-8A12348C9706} = {5C44E0D4-C01F-4898-91CB-15DFF97C2A1F}
		{93CAD852-C673-4563-A879-049588D6BF01} = {33E1DF83-1AEC-444C-A1D1-1C33F3B820FC}
		{A8D8E117-3BD7-4F45-80A5-2FB14BEF2BDF} = {93CAD852-C673-4563-A879-049588D6BF01}
		{470AC226-E9CE-4437-97BD-431353ADB6FD} = {93CAD852-C673-4563-A879-049588D6BF01}
		{B4432D40-0ECE-4581-B302-BAFC831F8B22} = {33E1DF83-1AEC-444C-A1D1-1C33F3B820FC}
		{8AABFC7B-7221-4B40-BDA7-0D8D214D17EB} = {B4432D40-0ECE-4581-B302-BAFC831F8B22}
		{DB6431DB-5623-4749-8285-CFB117BC20C4} = {B4432D40-0ECE-4581-B302-BAFC831F8B22}
		{C58C26F0-98EB-4DFF-A792-36113DF191BE} = {B4432D40-0ECE-4581-B302-BAFC831F8B22}
		{D4EFF4EA-5C8A-46B1-9596-5AB6FB265E43} = {B4432D40-0ECE-4581-B302-BAFC831F8B22}
		{46A2876A-FD5E-441C-8138-404A972C61CD} = {E14AEF75-7871-436F-A503-CEE4C9BA545E}
		{9481BC23-41AD-49E4-839C-7A6D16028076} = {E0ED5486-D836-4523-9DDC-A5B4571603A7}
		{BFC56F16-C1D8-490A-AC29-386D15284389} = {E0ED5486-D836-4523-9DDC-A5B4571603A7}
		{9922380E-1ACE-4C26-BA13-4E7A7282930C} = {351CA580-3C02-4CF3-8F76-18FD3C4EF5FE}
	EndGlobalSection
	GlobalSection(ExtensibilityGlobals) = postSolution
		SolutionGuid = {DD4E123A-C1FB-4F78-B071-268F3154925B}
	EndGlobalSection
EndGlobal
